// !$*UTF8*$!
{
	archiveVersion = 1;
	classes = {
	};
	objectVersion = 50;
	objects = {

/* Begin PBXBuildFile section */
		8E8AFC6625E9235200EE2E21 /* AppDelegate.swift in Sources */ = {isa = PBXBuildFile; fileRef = 8E8AFC6525E9235200EE2E21 /* AppDelegate.swift */; };
		8E8AFC6825E9235200EE2E21 /* SceneDelegate.swift in Sources */ = {isa = PBXBuildFile; fileRef = 8E8AFC6725E9235200EE2E21 /* SceneDelegate.swift */; };
		8E8AFC6A25E9235200EE2E21 /* ViewController.swift in Sources */ = {isa = PBXBuildFile; fileRef = 8E8AFC6925E9235200EE2E21 /* ViewController.swift */; };
		8E8AFC6D25E9235200EE2E21 /* Main.storyboard in Resources */ = {isa = PBXBuildFile; fileRef = 8E8AFC6B25E9235200EE2E21 /* Main.storyboard */; };
		8E8AFC6F25E9235400EE2E21 /* Assets.xcassets in Resources */ = {isa = PBXBuildFile; fileRef = 8E8AFC6E25E9235400EE2E21 /* Assets.xcassets */; };
		8E8AFC7225E9235400EE2E21 /* LaunchScreen.storyboard in Resources */ = {isa = PBXBuildFile; fileRef = 8E8AFC7025E9235400EE2E21 /* LaunchScreen.storyboard */; };
		8E8AFC7B25E9297100EE2E21 /* mainMenuViewController.swift in Sources */ = {isa = PBXBuildFile; fileRef = 8E8AFC7A25E9297100EE2E21 /* mainMenuViewController.swift */; };
		8E8AFC7E25EF476700EE2E21 /* TabViewController.swift in Sources */ = {isa = PBXBuildFile; fileRef = 8E8AFC7D25EF476600EE2E21 /* TabViewController.swift */; };
		8E8AFC8525EF4C2900EE2E21 /* TableViewController.swift in Sources */ = {isa = PBXBuildFile; fileRef = 8E8AFC8425EF4C2900EE2E21 /* TableViewController.swift */; };
		8E8AFC8825EF4CB600EE2E21 /* store.swift in Sources */ = {isa = PBXBuildFile; fileRef = 8E8AFC8725EF4CB600EE2E21 /* store.swift */; };
		8E8AFC8B25EF517B00EE2E21 /* detailViewController.swift in Sources */ = {isa = PBXBuildFile; fileRef = 8E8AFC8A25EF517B00EE2E21 /* detailViewController.swift */; };
		8E8AFC8E25F0993200EE2E21 /* userData.swift in Sources */ = {isa = PBXBuildFile; fileRef = 8E8AFC8D25F0993200EE2E21 /* userData.swift */; };
		8E8AFC9125F09D2C00EE2E21 /* shoppingCartViewController.swift in Sources */ = {isa = PBXBuildFile; fileRef = 8E8AFC9025F09D2C00EE2E21 /* shoppingCartViewController.swift */; };
		8E8AFC9425F1E87500EE2E21 /* blogViewController.swift in Sources */ = {isa = PBXBuildFile; fileRef = 8E8AFC9325F1E87500EE2E21 /* blogViewController.swift */; };
		8E8AFC9725F7362000EE2E21 /* quartzView.swift in Sources */ = {isa = PBXBuildFile; fileRef = 8E8AFC9625F7361F00EE2E21 /* quartzView.swift */; };
/* End PBXBuildFile section */

/* Begin PBXFileReference section */
		8E8AFC6225E9235200EE2E21 /* jveit-finalProject.app */ = {isa = PBXFileReference; explicitFileType = wrapper.application; includeInIndex = 0; path = "jveit-finalProject.app"; sourceTree = BUILT_PRODUCTS_DIR; };
		8E8AFC6525E9235200EE2E21 /* AppDelegate.swift */ = {isa = PBXFileReference; lastKnownFileType = sourcecode.swift; path = AppDelegate.swift; sourceTree = "<group>"; };
		8E8AFC6725E9235200EE2E21 /* SceneDelegate.swift */ = {isa = PBXFileReference; lastKnownFileType = sourcecode.swift; path = SceneDelegate.swift; sourceTree = "<group>"; };
		8E8AFC6925E9235200EE2E21 /* ViewController.swift */ = {isa = PBXFileReference; lastKnownFileType = sourcecode.swift; path = ViewController.swift; sourceTree = "<group>"; };
		8E8AFC6C25E9235200EE2E21 /* Base */ = {isa = PBXFileReference; lastKnownFileType = file.storyboard; name = Base; path = Base.lproj/Main.storyboard; sourceTree = "<group>"; };
		8E8AFC6E25E9235400EE2E21 /* Assets.xcassets */ = {isa = PBXFileReference; lastKnownFileType = folder.assetcatalog; path = Assets.xcassets; sourceTree = "<group>"; };
		8E8AFC7125E9235400EE2E21 /* Base */ = {isa = PBXFileReference; lastKnownFileType = file.storyboard; name = Base; path = Base.lproj/LaunchScreen.storyboard; sourceTree = "<group>"; };
		8E8AFC7325E9235400EE2E21 /* Info.plist */ = {isa = PBXFileReference; lastKnownFileType = text.plist.xml; path = Info.plist; sourceTree = "<group>"; };
		8E8AFC7A25E9297100EE2E21 /* mainMenuViewController.swift */ = {isa = PBXFileReference; lastKnownFileType = sourcecode.swift; path = mainMenuViewController.swift; sourceTree = "<group>"; };
		8E8AFC7D25EF476600EE2E21 /* TabViewController.swift */ = {isa = PBXFileReference; lastKnownFileType = sourcecode.swift; path = TabViewController.swift; sourceTree = "<group>"; };
		8E8AFC8425EF4C2900EE2E21 /* TableViewController.swift */ = {isa = PBXFileReference; lastKnownFileType = sourcecode.swift; path = TableViewController.swift; sourceTree = "<group>"; };
		8E8AFC8725EF4CB600EE2E21 /* store.swift */ = {isa = PBXFileReference; lastKnownFileType = sourcecode.swift; path = store.swift; sourceTree = "<group>"; };
		8E8AFC8A25EF517B00EE2E21 /* detailViewController.swift */ = {isa = PBXFileReference; lastKnownFileType = sourcecode.swift; path = detailViewController.swift; sourceTree = "<group>"; };
		8E8AFC8D25F0993200EE2E21 /* userData.swift */ = {isa = PBXFileReference; lastKnownFileType = sourcecode.swift; path = userData.swift; sourceTree = "<group>"; };
		8E8AFC9025F09D2C00EE2E21 /* shoppingCartViewController.swift */ = {isa = PBXFileReference; lastKnownFileType = sourcecode.swift; path = shoppingCartViewController.swift; sourceTree = "<group>"; };
		8E8AFC9325F1E87500EE2E21 /* blogViewController.swift */ = {isa = PBXFileReference; lastKnownFileType = sourcecode.swift; path = blogViewController.swift; sourceTree = "<group>"; };
		8E8AFC9625F7361F00EE2E21 /* quartzView.swift */ = {isa = PBXFileReference; lastKnownFileType = sourcecode.swift; path = quartzView.swift; sourceTree = "<group>"; };
/* End PBXFileReference section */

/* Begin PBXFrameworksBuildPhase section */
		8E8AFC5F25E9235200EE2E21 /* Frameworks */ = {
			isa = PBXFrameworksBuildPhase;
			buildActionMask = 2147483647;
			files = (
			);
			runOnlyForDeploymentPostprocessing = 0;
		};
/* End PBXFrameworksBuildPhase section */

/* Begin PBXGroup section */
		8E8AFC5925E9235200EE2E21 = {
			isa = PBXGroup;
			children = (
				8E8AFC6425E9235200EE2E21 /* jveit-finalProject */,
				8E8AFC6325E9235200EE2E21 /* Products */,
			);
			sourceTree = "<group>";
		};
		8E8AFC6325E9235200EE2E21 /* Products */ = {
			isa = PBXGroup;
			children = (
				8E8AFC6225E9235200EE2E21 /* jveit-finalProject.app */,
			);
			name = Products;
			sourceTree = "<group>";
		};
		8E8AFC6425E9235200EE2E21 /* jveit-finalProject */ = {
			isa = PBXGroup;
			children = (
				8E8AFC6525E9235200EE2E21 /* AppDelegate.swift */,
				8E8AFC6725E9235200EE2E21 /* SceneDelegate.swift */,
				8E8AFC6925E9235200EE2E21 /* ViewController.swift */,
				8E8AFC6B25E9235200EE2E21 /* Main.storyboard */,
				8E8AFC9625F7361F00EE2E21 /* quartzView.swift */,
				8E8AFC9325F1E87500EE2E21 /* blogViewController.swift */,
				8E8AFC9025F09D2C00EE2E21 /* shoppingCartViewController.swift */,
				8E8AFC8D25F0993200EE2E21 /* userData.swift */,
				8E8AFC8A25EF517B00EE2E21 /* detailViewController.swift */,
				8E8AFC8425EF4C2900EE2E21 /* TableViewController.swift */,
				8E8AFC8725EF4CB600EE2E21 /* store.swift */,
				8E8AFC7D25EF476600EE2E21 /* TabViewController.swift */,
				8E8AFC7A25E9297100EE2E21 /* mainMenuViewController.swift */,
				8E8AFC6E25E9235400EE2E21 /* Assets.xcassets */,
				8E8AFC7025E9235400EE2E21 /* LaunchScreen.storyboard */,
				8E8AFC7325E9235400EE2E21 /* Info.plist */,
			);
			path = "jveit-finalProject";
			sourceTree = "<group>";
		};
/* End PBXGroup section */

/* Begin PBXNativeTarget section */
		8E8AFC6125E9235200EE2E21 /* jveit-finalProject */ = {
			isa = PBXNativeTarget;
			buildConfigurationList = 8E8AFC7625E9235400EE2E21 /* Build configuration list for PBXNativeTarget "jveit-finalProject" */;
			buildPhases = (
				8E8AFC5E25E9235200EE2E21 /* Sources */,
				8E8AFC5F25E9235200EE2E21 /* Frameworks */,
				8E8AFC6025E9235200EE2E21 /* Resources */,
			);
			buildRules = (
			);
			dependencies = (
			);
			name = "jveit-finalProject";
			productName = "jveit-finalProject";
			productReference = 8E8AFC6225E9235200EE2E21 /* jveit-finalProject.app */;
			productType = "com.apple.product-type.application";
		};
/* End PBXNativeTarget section */

/* Begin PBXProject section */
		8E8AFC5A25E9235200EE2E21 /* Project object */ = {
			isa = PBXProject;
			attributes = {
				LastSwiftUpdateCheck = 1230;
				LastUpgradeCheck = 1230;
				TargetAttributes = {
					8E8AFC6125E9235200EE2E21 = {
						CreatedOnToolsVersion = 12.3;
					};
				};
			};
			buildConfigurationList = 8E8AFC5D25E9235200EE2E21 /* Build configuration list for PBXProject "jveit-finalProject" */;
			compatibilityVersion = "Xcode 9.3";
			developmentRegion = en;
			hasScannedForEncodings = 0;
			knownRegions = (
				en,
				Base,
			);
			mainGroup = 8E8AFC5925E9235200EE2E21;
			productRefGroup = 8E8AFC6325E9235200EE2E21 /* Products */;
			projectDirPath = "";
			projectRoot = "";
			targets = (
				8E8AFC6125E9235200EE2E21 /* jveit-finalProject */,
			);
		};
/* End PBXProject section */

/* Begin PBXResourcesBuildPhase section */
		8E8AFC6025E9235200EE2E21 /* Resources */ = {
			isa = PBXResourcesBuildPhase;
			buildActionMask = 2147483647;
			files = (
				8E8AFC7225E9235400EE2E21 /* LaunchScreen.storyboard in Resources */,
				8E8AFC6F25E9235400EE2E21 /* Assets.xcassets in Resources */,
				8E8AFC6D25E9235200EE2E21 /* Main.storyboard in Resources */,
			);
			runOnlyForDeploymentPostprocessing = 0;
		};
/* End PBXResourcesBuildPhase section */

/* Begin PBXSourcesBuildPhase section */
		8E8AFC5E25E9235200EE2E21 /* Sources */ = {
			isa = PBXSourcesBuildPhase;
			buildActionMask = 2147483647;
			files = (
				8E8AFC7B25E9297100EE2E21 /* mainMenuViewController.swift in Sources */,
				8E8AFC9725F7362000EE2E21 /* quartzView.swift in Sources */,
				8E8AFC8525EF4C2900EE2E21 /* TableViewController.swift in Sources */,
				8E8AFC8E25F0993200EE2E21 /* userData.swift in Sources */,
				8E8AFC9425F1E87500EE2E21 /* blogViewController.swift in Sources */,
				8E8AFC6A25E9235200EE2E21 /* ViewController.swift in Sources */,
				8E8AFC8825EF4CB600EE2E21 /* store.swift in Sources */,
				8E8AFC6625E9235200EE2E21 /* AppDelegate.swift in Sources */,
				8E8AFC9125F09D2C00EE2E21 /* shoppingCartViewController.swift in Sources */,
				8E8AFC7E25EF476700EE2E21 /* TabViewController.swift in Sources */,
				8E8AFC6825E9235200EE2E21 /* SceneDelegate.swift in Sources */,
				8E8AFC8B25EF517B00EE2E21 /* detailViewController.swift in Sources */,
			);
			runOnlyForDeploymentPostprocessing = 0;
		};
/* End PBXSourcesBuildPhase section */

/* Begin PBXVariantGroup section */
		8E8AFC6B25E9235200EE2E21 /* Main.storyboard */ = {
			isa = PBXVariantGroup;
			children = (
				8E8AFC6C25E9235200EE2E21 /* Base */,
			);
			name = Main.storyboard;
			sourceTree = "<group>";
		};
		8E8AFC7025E9235400EE2E21 /* LaunchScreen.storyboard */ = {
			isa = PBXVariantGroup;
			children = (
				8E8AFC7125E9235400EE2E21 /* Base */,
			);
			name = LaunchScreen.storyboard;
			sourceTree = "<group>";
		};
/* End PBXVariantGroup section */

/* Begin XCBuildConfiguration section */
		8E8AFC7425E9235400EE2E21 /* Debug */ = {
			isa = XCBuildConfiguration;
			buildSettings = {
				ALWAYS_SEARCH_USER_PATHS = NO;
				CLANG_ANALYZER_NONNULL = YES;
				CLANG_ANALYZER_NUMBER_OBJECT_CONVERSION = YES_AGGRESSIVE;
				CLANG_CXX_LANGUAGE_STANDARD = "gnu++14";
				CLANG_CXX_LIBRARY = "libc++";
				CLANG_ENABLE_MODULES = YES;
				CLANG_ENABLE_OBJC_ARC = YES;
				CLANG_ENABLE_OBJC_WEAK = YES;
				CLANG_WARN_BLOCK_CAPTURE_AUTORELEASING = YES;
				CLANG_WARN_BOOL_CONVERSION = YES;
				CLANG_WARN_COMMA = YES;
				CLANG_WARN_CONSTANT_CONVERSION = YES;
				CLANG_WARN_DEPRECATED_OBJC_IMPLEMENTATIONS = YES;
				CLANG_WARN_DIRECT_OBJC_ISA_USAGE = YES_ERROR;
				CLANG_WARN_DOCUMENTATION_COMMENTS = YES;
				CLANG_WARN_EMPTY_BODY = YES;
				CLANG_WARN_ENUM_CONVERSION = YES;
				CLANG_WARN_INFINITE_RECURSION = YES;
				CLANG_WARN_INT_CONVERSION = YES;
				CLANG_WARN_NON_LITERAL_NULL_CONVERSION = YES;
				CLANG_WARN_OBJC_IMPLICIT_RETAIN_SELF = YES;
				CLANG_WARN_OBJC_LITERAL_CONVERSION = YES;
				CLANG_WARN_OBJC_ROOT_CLASS = YES_ERROR;
				CLANG_WARN_QUOTED_INCLUDE_IN_FRAMEWORK_HEADER = YES;
				CLANG_WARN_RANGE_LOOP_ANALYSIS = YES;
				CLANG_WARN_STRICT_PROTOTYPES = YES;
				CLANG_WARN_SUSPICIOUS_MOVE = YES;
				CLANG_WARN_UNGUARDED_AVAILABILITY = YES_AGGRESSIVE;
				CLANG_WARN_UNREACHABLE_CODE = YES;
				CLANG_WARN__DUPLICATE_METHOD_MATCH = YES;
				COPY_PHASE_STRIP = NO;
				DEBUG_INFORMATION_FORMAT = dwarf;
				ENABLE_STRICT_OBJC_MSGSEND = YES;
				ENABLE_TESTABILITY = YES;
				GCC_C_LANGUAGE_STANDARD = gnu11;
				GCC_DYNAMIC_NO_PIC = NO;
				GCC_NO_COMMON_BLOCKS = YES;
				GCC_OPTIMIZATION_LEVEL = 0;
				GCC_PREPROCESSOR_DEFINITIONS = (
					"DEBUG=1",
					"$(inherited)",
				);
				GCC_WARN_64_TO_32_BIT_CONVERSION = YES;
				GCC_WARN_ABOUT_RETURN_TYPE = YES_ERROR;
				GCC_WARN_UNDECLARED_SELECTOR = YES;
				GCC_WARN_UNINITIALIZED_AUTOS = YES_AGGRESSIVE;
				GCC_WARN_UNUSED_FUNCTION = YES;
				GCC_WARN_UNUSED_VARIABLE = YES;
				IPHONEOS_DEPLOYMENT_TARGET = 14.3;
				MTL_ENABLE_DEBUG_INFO = INCLUDE_SOURCE;
				MTL_FAST_MATH = YES;
				ONLY_ACTIVE_ARCH = YES;
				SDKROOT = iphoneos;
				SWIFT_ACTIVE_COMPILATION_CONDITIONS = DEBUG;
				SWIFT_OPTIMIZATION_LEVEL = "-Onone";
			};
			name = Debug;
		};
		8E8AFC7525E9235400EE2E21 /* Release */ = {
			isa = XCBuildConfiguration;
			buildSettings = {
				ALWAYS_SEARCH_USER_PATHS = NO;
				CLANG_ANALYZER_NONNULL = YES;
				CLANG_ANALYZER_NUMBER_OBJECT_CONVERSION = YES_AGGRESSIVE;
				CLANG_CXX_LANGUAGE_STANDARD = "gnu++14";
				CLANG_CXX_LIBRARY = "libc++";
				CLANG_ENABLE_MODULES = YES;
				CLANG_ENABLE_OBJC_ARC = YES;
				CLANG_ENABLE_OBJC_WEAK = YES;
				CLANG_WARN_BLOCK_CAPTURE_AUTORELEASING = YES;
				CLANG_WARN_BOOL_CONVERSION = YES;
				CLANG_WARN_COMMA = YES;
				CLANG_WARN_CONSTANT_CONVERSION = YES;
				CLANG_WARN_DEPRECATED_OBJC_IMPLEMENTATIONS = YES;
				CLANG_WARN_DIRECT_OBJC_ISA_USAGE = YES_ERROR;
				CLANG_WARN_DOCUMENTATION_COMMENTS = YES;
				CLANG_WARN_EMPTY_BODY = YES;
				CLANG_WARN_ENUM_CONVERSION = YES;
				CLANG_WARN_INFINITE_RECURSION = YES;
				CLANG_WARN_INT_CONVERSION = YES;
				CLANG_WARN_NON_LITERAL_NULL_CONVERSION = YES;
				CLANG_WARN_OBJC_IMPLICIT_RETAIN_SELF = YES;
				CLANG_WARN_OBJC_LITERAL_CONVERSION = YES;
				CLANG_WARN_OBJC_ROOT_CLASS = YES_ERROR;
				CLANG_WARN_QUOTED_INCLUDE_IN_FRAMEWORK_HEADER = YES;
				CLANG_WARN_RANGE_LOOP_ANALYSIS = YES;
				CLANG_WARN_STRICT_PROTOTYPES = YES;
				CLANG_WARN_SUSPICIOUS_MOVE = YES;
				CLANG_WARN_UNGUARDED_AVAILABILITY = YES_AGGRESSIVE;
				CLANG_WARN_UNREACHABLE_CODE = YES;
				CLANG_WARN__DUPLICATE_METHOD_MATCH = YES;
				COPY_PHASE_STRIP = NO;
				DEBUG_INFORMATION_FORMAT = "dwarf-with-dsym";
				ENABLE_NS_ASSERTIONS = NO;
				ENABLE_STRICT_OBJC_MSGSEND = YES;
				GCC_C_LANGUAGE_STANDARD = gnu11;
				GCC_NO_COMMON_BLOCKS = YES;
				GCC_WARN_64_TO_32_BIT_CONVERSION = YES;
				GCC_WARN_ABOUT_RETURN_TYPE = YES_ERROR;
				GCC_WARN_UNDECLARED_SELECTOR = YES;
				GCC_WARN_UNINITIALIZED_AUTOS = YES_AGGRESSIVE;
				GCC_WARN_UNUSED_FUNCTION = YES;
				GCC_WARN_UNUSED_VARIABLE = YES;
				IPHONEOS_DEPLOYMENT_TARGET = 14.3;
				MTL_ENABLE_DEBUG_INFO = NO;
				MTL_FAST_MATH = YES;
				SDKROOT = iphoneos;
				SWIFT_COMPILATION_MODE = wholemodule;
				SWIFT_OPTIMIZATION_LEVEL = "-O";
				VALIDATE_PRODUCT = YES;
			};
			name = Release;
		};
		8E8AFC7725E9235400EE2E21 /* Debug */ = {
			isa = XCBuildConfiguration;
			buildSettings = {
				ASSETCATALOG_COMPILER_APPICON_NAME = AppIcon;
				ASSETCATALOG_COMPILER_GLOBAL_ACCENT_COLOR_NAME = AccentColor;
				CODE_SIGN_STYLE = Automatic;
				DEVELOPMENT_TEAM = PVL9QS6W28;
				INFOPLIST_FILE = "jveit-finalProject/Info.plist";
				LD_RUNPATH_SEARCH_PATHS = (
					"$(inherited)",
					"@executable_path/Frameworks",
				);
				PRODUCT_BUNDLE_IDENTIFIER = "com.depaulCSC471.jveit-finalProject";
				PRODUCT_NAME = "$(TARGET_NAME)";
				SWIFT_VERSION = 5.0;
				TARGETED_DEVICE_FAMILY = "1,2";
			};
			name = Debug;
		};
		8E8AFC7825E9235400EE2E21 /* Release */ = {
			isa = XCBuildConfiguration;
			buildSettings = {
				ASSETCATALOG_COMPILER_APPICON_NAME = AppIcon;
				ASSETCATALOG_COMPILER_GLOBAL_ACCENT_COLOR_NAME = AccentColor;
				CODE_SIGN_STYLE = Automatic;
				DEVELOPMENT_TEAM = PVL9QS6W28;
				INFOPLIST_FILE = "jveit-finalProject/Info.plist";
				LD_RUNPATH_SEARCH_PATHS = (
					"$(inherited)",
					"@executable_path/Frameworks",
				);
				PRODUCT_BUNDLE_IDENTIFIER = "com.depaulCSC471.jveit-finalProject";
				PRODUCT_NAME = "$(TARGET_NAME)";
				SWIFT_VERSION = 5.0;
				TARGETED_DEVICE_FAMILY = "1,2";
			};
			name = Release;
		};
/* End XCBuildConfiguration section */

/* Begin XCConfigurationList section */
		8E8AFC5D25E9235200EE2E21 /* Build configuration list for PBXProject "jveit-finalProject" */ = {
			isa = XCConfigurationList;
			buildConfigurations = (
				8E8AFC7425E9235400EE2E21 /* Debug */,
				8E8AFC7525E9235400EE2E21 /* Release */,
			);
			defaultConfigurationIsVisible = 0;
			defaultConfigurationName = Release;
		};
		8E8AFC7625E9235400EE2E21 /* Build configuration list for PBXNativeTarget "jveit-finalProject" */ = {
			isa = XCConfigurationList;
			buildConfigurations = (
				8E8AFC7725E9235400EE2E21 /* Debug */,
				8E8AFC7825E9235400EE2E21 /* Release */,
			);
			defaultConfigurationIsVisible = 0;
			defaultConfigurationName = Release;
		};
/* End XCConfigurationList section */
	};
	rootObject = 8E8AFC5A25E9235200EE2E21 /* Project object */;
}
